# THIS IS AN AUTOGENERATED FILE. DO NOT EDIT THIS FILE DIRECTLY.
# yarn lockfile v1


"@webcomponents/shadycss@^1.0.6":
  version "1.0.6"
  resolved "https://registry.yarnpkg.com/@webcomponents/shadycss/-/shadycss-1.0.6.tgz#5679919c43da77cbc884ba0bef6457111c65d7cd"

babel-plugin-syntax-object-rest-spread@^6.8.0:
  version "6.13.0"
  resolved "https://registry.yarnpkg.com/babel-plugin-syntax-object-rest-spread/-/babel-plugin-syntax-object-rest-spread-6.13.0.tgz#fd6536f2bce13836ffa3a5458c4903a597bb3bf5"

babel-plugin-transform-object-rest-spread@^6.26.0:
  version "6.26.0"
  resolved "https://registry.yarnpkg.com/babel-plugin-transform-object-rest-spread/-/babel-plugin-transform-object-rest-spread-6.26.0.tgz#0f36692d50fef6b7e2d4b3ac1478137a963b7b06"
  dependencies:
    babel-plugin-syntax-object-rest-spread "^6.8.0"
    babel-runtime "^6.26.0"

babel-runtime@^6.26.0:
  version "6.26.0"
  resolved "https://registry.yarnpkg.com/babel-runtime/-/babel-runtime-6.26.0.tgz#965c7058668e82b55d7bfe04ff2337bc8b5647fe"
  dependencies:
    core-js "^2.4.0"
    regenerator-runtime "^0.11.0"

core-js@^2.4.0:
  version "2.5.1"
  resolved "https://registry.yarnpkg.com/core-js/-/core-js-2.5.1.tgz#ae6874dc66937789b80754ff5428df66819ca50b"

kwak@^2.0.3:
  version "2.0.4"
  resolved "https://registry.yarnpkg.com/kwak/-/kwak-2.0.4.tgz#7a2c3e970c6b81242fb9d7ad8574e189bdb27f82"
  dependencies:
    lodash.isequal "^4.5.0"
    lodash.isplainobject "^4.0.6"

lodash.clonedeep@^4.5.0:
  version "4.5.0"
  resolved "https://registry.yarnpkg.com/lodash.clonedeep/-/lodash.clonedeep-4.5.0.tgz#e23f3f9c4f8fbdde872529c1071857a086e5ccef"

lodash.isequal@^4.5.0:
  version "4.5.0"
  resolved "https://registry.yarnpkg.com/lodash.isequal/-/lodash.isequal-4.5.0.tgz#415c4478f2bcc30120c22ce10ed3226f7d3e18e0"

lodash.isplainobject@^4.0.6:
  version "4.0.6"
  resolved "https://registry.yarnpkg.com/lodash.isplainobject/-/lodash.isplainobject-4.0.6.tgz#7c526a52d89b45c45cc690b88163be0497f550cb"

lodash.kebabcase@^4.1.1:
  version "4.1.1"
  resolved "https://registry.yarnpkg.com/lodash.kebabcase/-/lodash.kebabcase-4.1.1.tgz#8489b1cb0d29ff88195cceca448ff6d6cc295c36"

ramda@^0.24.1:
  version "0.24.1"
  resolved "https://registry.yarnpkg.com/ramda/-/ramda-0.24.1.tgz#c3b7755197f35b8dc3502228262c4c91ddb6b857"

regenerator-runtime@^0.11.0:
  version "0.11.0"
  resolved "https://registry.yarnpkg.com/regenerator-runtime/-/regenerator-runtime-0.11.0.tgz#7e54fe5b5ccd5d6624ea6255c3473be090b802e1"
